// !$*UTF8*$!
{
	archiveVersion = 1;
	classes = {
	};
	objectVersion = 56;
	objects = {

/* Begin PBXBuildFile section */
		D670529B2941172E007367E5 /* Localizable.strings in Resources */ = {isa = PBXBuildFile; fileRef = D670529D2941172E007367E5 /* Localizable.strings */; };
		D6A154DB293CBF8500FD4E92 /* AppDelegate.swift in Sources */ = {isa = PBXBuildFile; fileRef = D6A154DA293CBF8500FD4E92 /* AppDelegate.swift */; };
		D6A154DD293CBF8500FD4E92 /* SceneDelegate.swift in Sources */ = {isa = PBXBuildFile; fileRef = D6A154DC293CBF8500FD4E92 /* SceneDelegate.swift */; };
		D6A154DF293CBF8500FD4E92 /* ViewController.swift in Sources */ = {isa = PBXBuildFile; fileRef = D6A154DE293CBF8500FD4E92 /* ViewController.swift */; };
		D6A154E2293CBF8500FD4E92 /* Main.storyboard in Resources */ = {isa = PBXBuildFile; fileRef = D6A154E0293CBF8500FD4E92 /* Main.storyboard */; };
		D6A154E4293CBF8600FD4E92 /* Assets.xcassets in Resources */ = {isa = PBXBuildFile; fileRef = D6A154E3293CBF8600FD4E92 /* Assets.xcassets */; };
		D6A154E7293CBF8600FD4E92 /* LaunchScreen.storyboard in Resources */ = {isa = PBXBuildFile; fileRef = D6A154E5293CBF8600FD4E92 /* LaunchScreen.storyboard */; };
		D6A154EF293CC73800FD4E92 /* Pin.swift in Sources */ = {isa = PBXBuildFile; fileRef = D6A154EE293CC73800FD4E92 /* Pin.swift */; };
/* End PBXBuildFile section */

/* Begin PBXFileReference section */
		D670529C2941172E007367E5 /* en */ = {isa = PBXFileReference; lastKnownFileType = text.plist.strings; name = en; path = en.lproj/Localizable.strings; sourceTree = "<group>"; };
		D670529E2941175C007367E5 /* ru */ = {isa = PBXFileReference; lastKnownFileType = text.plist.strings; name = ru; path = ru.lproj/Localizable.strings; sourceTree = "<group>"; };
		D6A154D7293CBF8500FD4E92 /* Advanced HW.app */ = {isa = PBXFileReference; explicitFileType = wrapper.application; includeInIndex = 0; path = "Advanced HW.app"; sourceTree = BUILT_PRODUCTS_DIR; };
		D6A154DA293CBF8500FD4E92 /* AppDelegate.swift */ = {isa = PBXFileReference; lastKnownFileType = sourcecode.swift; path = AppDelegate.swift; sourceTree = "<group>"; };
		D6A154DC293CBF8500FD4E92 /* SceneDelegate.swift */ = {isa = PBXFileReference; lastKnownFileType = sourcecode.swift; path = SceneDelegate.swift; sourceTree = "<group>"; };
		D6A154DE293CBF8500FD4E92 /* ViewController.swift */ = {isa = PBXFileReference; lastKnownFileType = sourcecode.swift; path = ViewController.swift; sourceTree = "<group>"; };
		D6A154E1293CBF8500FD4E92 /* Base */ = {isa = PBXFileReference; lastKnownFileType = file.storyboard; name = Base; path = Base.lproj/Main.storyboard; sourceTree = "<group>"; };
		D6A154E3293CBF8600FD4E92 /* Assets.xcassets */ = {isa = PBXFileReference; lastKnownFileType = folder.assetcatalog; path = Assets.xcassets; sourceTree = "<group>"; };
		D6A154E6293CBF8600FD4E92 /* Base */ = {isa = PBXFileReference; lastKnownFileType = file.storyboard; name = Base; path = Base.lproj/LaunchScreen.storyboard; sourceTree = "<group>"; };
		D6A154E8293CBF8600FD4E92 /* Info.plist */ = {isa = PBXFileReference; lastKnownFileType = text.plist.xml; path = Info.plist; sourceTree = "<group>"; };
		D6A154EE293CC73800FD4E92 /* Pin.swift */ = {isa = PBXFileReference; lastKnownFileType = sourcecode.swift; path = Pin.swift; sourceTree = "<group>"; };
/* End PBXFileReference section */

/* Begin PBXFrameworksBuildPhase section */
		D6A154D4293CBF8500FD4E92 /* Frameworks */ = {
			isa = PBXFrameworksBuildPhase;
			buildActionMask = 2147483647;
			files = (
			);
			runOnlyForDeploymentPostprocessing = 0;
		};
/* End PBXFrameworksBuildPhase section */

/* Begin PBXGroup section */
		D6A154CE293CBF8500FD4E92 = {
			isa = PBXGroup;
			children = (
				D6A154D9293CBF8500FD4E92 /* Advanced HW */,
				D6A154D8293CBF8500FD4E92 /* Products */,
			);
			sourceTree = "<group>";
		};
		D6A154D8293CBF8500FD4E92 /* Products */ = {
			isa = PBXGroup;
			children = (
				D6A154D7293CBF8500FD4E92 /* Advanced HW.app */,
			);
			name = Products;
			sourceTree = "<group>";
		};
		D6A154D9293CBF8500FD4E92 /* Advanced HW */ = {
			isa = PBXGroup;
			children = (
				D6A154DA293CBF8500FD4E92 /* AppDelegate.swift */,
				D6A154DC293CBF8500FD4E92 /* SceneDelegate.swift */,
				D6A154DE293CBF8500FD4E92 /* ViewController.swift */,
				D6A154EE293CC73800FD4E92 /* Pin.swift */,
				D670529D2941172E007367E5 /* Localizable.strings */,
				D6A154E0293CBF8500FD4E92 /* Main.storyboard */,
				D6A154E3293CBF8600FD4E92 /* Assets.xcassets */,
				D6A154E5293CBF8600FD4E92 /* LaunchScreen.storyboard */,
				D6A154E8293CBF8600FD4E92 /* Info.plist */,
			);
			path = "Advanced HW";
			sourceTree = "<group>";
		};
/* End PBXGroup section */

/* Begin PBXNativeTarget section */
		D6A154D6293CBF8500FD4E92 /* Advanced HW */ = {
			isa = PBXNativeTarget;
			buildConfigurationList = D6A154EB293CBF8600FD4E92 /* Build configuration list for PBXNativeTarget "Advanced HW" */;
			buildPhases = (
				D6A154D3293CBF8500FD4E92 /* Sources */,
				D6A154D4293CBF8500FD4E92 /* Frameworks */,
				D6A154D5293CBF8500FD4E92 /* Resources */,
			);
			buildRules = (
			);
			dependencies = (
			);
			name = "Advanced HW";
			productName = "Advanced HW";
			productReference = D6A154D7293CBF8500FD4E92 /* Advanced HW.app */;
			productType = "com.apple.product-type.application";
		};
/* End PBXNativeTarget section */

/* Begin PBXProject section */
		D6A154CF293CBF8500FD4E92 /* Project object */ = {
			isa = PBXProject;
			attributes = {
				BuildIndependentTargetsInParallel = 1;
				LastSwiftUpdateCheck = 1400;
				LastUpgradeCheck = 1400;
				TargetAttributes = {
					D6A154D6293CBF8500FD4E92 = {
						CreatedOnToolsVersion = 14.0.1;
					};
				};
			};
			buildConfigurationList = D6A154D2293CBF8500FD4E92 /* Build configuration list for PBXProject "Advanced HW" */;
			compatibilityVersion = "Xcode 14.0";
			developmentRegion = en;
			hasScannedForEncodings = 0;
			knownRegions = (
				en,
				Base,
				ru,
			);
			mainGroup = D6A154CE293CBF8500FD4E92;
			productRefGroup = D6A154D8293CBF8500FD4E92 /* Products */;
			projectDirPath = "";
			projectRoot = "";
			targets = (
				D6A154D6293CBF8500FD4E92 /* Advanced HW */,
			);
		};
/* End PBXProject section */

/* Begin PBXResourcesBuildPhase section */
		D6A154D5293CBF8500FD4E92 /* Resources */ = {
			isa = PBXResourcesBuildPhase;
			buildActionMask = 2147483647;
			files = (
				D6A154E7293CBF8600FD4E92 /* LaunchScreen.storyboard in Resources */,
				D670529B2941172E007367E5 /* Localizable.strings in Resources */,
				D6A154E4293CBF8600FD4E92 /* Assets.xcassets in Resources */,
				D6A154E2293CBF8500FD4E92 /* Main.storyboard in Resources */,
			);
			runOnlyForDeploymentPostprocessing = 0;
		};
/* End PBXResourcesBuildPhase section */

/* Begin PBXSourcesBuildPhase section */
		D6A154D3293CBF8500FD4E92 /* Sources */ = {
			isa = PBXSourcesBuildPhase;
			buildActionMask = 2147483647;
			files = (
				D6A154DF293CBF8500FD4E92 /* ViewController.swift in Sources */,
				D6A154DB293CBF8500FD4E92 /* AppDelegate.swift in Sources */,
				D6A154DD293CBF8500FD4E92 /* SceneDelegate.swift in Sources */,
				D6A154EF293CC73800FD4E92 /* Pin.swift in Sources */,
			);
			runOnlyForDeploymentPostprocessing = 0;
		};
/* End PBXSourcesBuildPhase section */

/* Begin PBXVariantGroup section */
		D670529D2941172E007367E5 /* Localizable.strings */ = {
			isa = PBXVariantGroup;
			children = (
				D670529C2941172E007367E5 /* en */,
				D670529E2941175C007367E5 /* ru */,
			);
			name = Localizable.strings;
			sourceTree = "<group>";
		};
		D6A154E0293CBF8500FD4E92 /* Main.storyboard */ = {
			isa = PBXVariantGroup;
			children = (
				D6A154E1293CBF8500FD4E92 /* Base */,
			);
			name = Main.storyboard;
			sourceTree = "<group>";
		};
		D6A154E5293CBF8600FD4E92 /* LaunchScreen.storyboard */ = {
			isa = PBXVariantGroup;
			children = (
				D6A154E6293CBF8600FD4E92 /* Base */,
			);
			name = LaunchScreen.storyboard;
			sourceTree = "<group>";
		};
/* End PBXVariantGroup section */

/* Begin XCBuildConfiguration section */
		D6A154E9293CBF8600FD4E92 /* Debug */ = {
			isa = XCBuildConfiguration;
			buildSettings = {
				ALWAYS_SEARCH_USER_PATHS = NO;
				CLANG_ANALYZER_LOCALIZABILITY_NONLOCALIZED = YES;
				CLANG_ANALYZER_NONNULL = YES;
				CLANG_ANALYZER_NUMBER_OBJECT_CONVERSION = YES_AGGRESSIVE;
				CLANG_CXX_LANGUAGE_STANDARD = "gnu++20";
				CLANG_ENABLE_MODULES = YES;
				CLANG_ENABLE_OBJC_ARC = YES;
				CLANG_ENABLE_OBJC_WEAK = YES;
				CLANG_WARN_BLOCK_CAPTURE_AUTORELEASING = YES;
				CLANG_WARN_BOOL_CONVERSION = YES;
				CLANG_WARN_COMMA = YES;
				CLANG_WARN_CONSTANT_CONVERSION = YES;
				CLANG_WARN_DEPRECATED_OBJC_IMPLEMENTATIONS = YES;
				CLANG_WARN_DIRECT_OBJC_ISA_USAGE = YES_ERROR;
				CLANG_WARN_DOCUMENTATION_COMMENTS = YES;
				CLANG_WARN_EMPTY_BODY = YES;
				CLANG_WARN_ENUM_CONVERSION = YES;
				CLANG_WARN_INFINITE_RECURSION = YES;
				CLANG_WARN_INT_CONVERSION = YES;
				CLANG_WARN_NON_LITERAL_NULL_CONVERSION = YES;
				CLANG_WARN_OBJC_IMPLICIT_RETAIN_SELF = YES;
				CLANG_WARN_OBJC_LITERAL_CONVERSION = YES;
				CLANG_WARN_OBJC_ROOT_CLASS = YES_ERROR;
				CLANG_WARN_QUOTED_INCLUDE_IN_FRAMEWORK_HEADER = YES;
				CLANG_WARN_RANGE_LOOP_ANALYSIS = YES;
				CLANG_WARN_STRICT_PROTOTYPES = YES;
				CLANG_WARN_SUSPICIOUS_MOVE = YES;
				CLANG_WARN_UNGUARDED_AVAILABILITY = YES_AGGRESSIVE;
				CLANG_WARN_UNREACHABLE_CODE = YES;
				CLANG_WARN__DUPLICATE_METHOD_MATCH = YES;
				COPY_PHASE_STRIP = NO;
				DEBUG_INFORMATION_FORMAT = dwarf;
				ENABLE_STRICT_OBJC_MSGSEND = YES;
				ENABLE_TESTABILITY = YES;
				GCC_C_LANGUAGE_STANDARD = gnu11;
				GCC_DYNAMIC_NO_PIC = NO;
				GCC_NO_COMMON_BLOCKS = YES;
				GCC_OPTIMIZATION_LEVEL = 0;
				GCC_PREPROCESSOR_DEFINITIONS = (
					"DEBUG=1",
					"$(inherited)",
				);
				GCC_WARN_64_TO_32_BIT_CONVERSION = YES;
				GCC_WARN_ABOUT_RETURN_TYPE = YES_ERROR;
				GCC_WARN_UNDECLARED_SELECTOR = YES;
				GCC_WARN_UNINITIALIZED_AUTOS = YES_AGGRESSIVE;
				GCC_WARN_UNUSED_FUNCTION = YES;
				GCC_WARN_UNUSED_VARIABLE = YES;
				IPHONEOS_DEPLOYMENT_TARGET = 16.0;
				MTL_ENABLE_DEBUG_INFO = INCLUDE_SOURCE;
				MTL_FAST_MATH = YES;
				ONLY_ACTIVE_ARCH = YES;
				SDKROOT = iphoneos;
				SWIFT_ACTIVE_COMPILATION_CONDITIONS = DEBUG;
				SWIFT_OPTIMIZATION_LEVEL = "-Onone";
			};
			name = Debug;
		};
		D6A154EA293CBF8600FD4E92 /* Release */ = {
			isa = XCBuildConfiguration;
			buildSettings = {
				ALWAYS_SEARCH_USER_PATHS = NO;
				CLANG_ANALYZER_LOCALIZABILITY_NONLOCALIZED = YES;
				CLANG_ANALYZER_NONNULL = YES;
				CLANG_ANALYZER_NUMBER_OBJECT_CONVERSION = YES_AGGRESSIVE;
				CLANG_CXX_LANGUAGE_STANDARD = "gnu++20";
				CLANG_ENABLE_MODULES = YES;
				CLANG_ENABLE_OBJC_ARC = YES;
				CLANG_ENABLE_OBJC_WEAK = YES;
				CLANG_WARN_BLOCK_CAPTURE_AUTORELEASING = YES;
				CLANG_WARN_BOOL_CONVERSION = YES;
				CLANG_WARN_COMMA = YES;
				CLANG_WARN_CONSTANT_CONVERSION = YES;
				CLANG_WARN_DEPRECATED_OBJC_IMPLEMENTATIONS = YES;
				CLANG_WARN_DIRECT_OBJC_ISA_USAGE = YES_ERROR;
				CLANG_WARN_DOCUMENTATION_COMMENTS = YES;
				CLANG_WARN_EMPTY_BODY = YES;
				CLANG_WARN_ENUM_CONVERSION = YES;
				CLANG_WARN_INFINITE_RECURSION = YES;
				CLANG_WARN_INT_CONVERSION = YES;
				CLANG_WARN_NON_LITERAL_NULL_CONVERSION = YES;
				CLANG_WARN_OBJC_IMPLICIT_RETAIN_SELF = YES;
				CLANG_WARN_OBJC_LITERAL_CONVERSION = YES;
				CLANG_WARN_OBJC_ROOT_CLASS = YES_ERROR;
				CLANG_WARN_QUOTED_INCLUDE_IN_FRAMEWORK_HEADER = YES;
				CLANG_WARN_RANGE_LOOP_ANALYSIS = YES;
				CLANG_WARN_STRICT_PROTOTYPES = YES;
				CLANG_WARN_SUSPICIOUS_MOVE = YES;
				CLANG_WARN_UNGUARDED_AVAILABILITY = YES_AGGRESSIVE;
				CLANG_WARN_UNREACHABLE_CODE = YES;
				CLANG_WARN__DUPLICATE_METHOD_MATCH = YES;
				COPY_PHASE_STRIP = NO;
				DEBUG_INFORMATION_FORMAT = "dwarf-with-dsym";
				ENABLE_NS_ASSERTIONS = NO;
				ENABLE_STRICT_OBJC_MSGSEND = YES;
				GCC_C_LANGUAGE_STANDARD = gnu11;
				GCC_NO_COMMON_BLOCKS = YES;
				GCC_WARN_64_TO_32_BIT_CONVERSION = YES;
				GCC_WARN_ABOUT_RETURN_TYPE = YES_ERROR;
				GCC_WARN_UNDECLARED_SELECTOR = YES;
				GCC_WARN_UNINITIALIZED_AUTOS = YES_AGGRESSIVE;
				GCC_WARN_UNUSED_FUNCTION = YES;
				GCC_WARN_UNUSED_VARIABLE = YES;
				IPHONEOS_DEPLOYMENT_TARGET = 16.0;
				MTL_ENABLE_DEBUG_INFO = NO;
				MTL_FAST_MATH = YES;
				SDKROOT = iphoneos;
				SWIFT_COMPILATION_MODE = wholemodule;
				SWIFT_OPTIMIZATION_LEVEL = "-O";
				VALIDATE_PRODUCT = YES;
			};
			name = Release;
		};
		D6A154EC293CBF8600FD4E92 /* Debug */ = {
			isa = XCBuildConfiguration;
			buildSettings = {
				ASSETCATALOG_COMPILER_APPICON_NAME = AppIcon;
				ASSETCATALOG_COMPILER_GLOBAL_ACCENT_COLOR_NAME = AccentColor;
				CODE_SIGN_STYLE = Automatic;
				CURRENT_PROJECT_VERSION = 1;
				GENERATE_INFOPLIST_FILE = YES;
				INFOPLIST_FILE = "Advanced HW/Info.plist";
				INFOPLIST_KEY_NSLocationAlwaysAndWhenInUseUsageDescription = "Find user location";
				INFOPLIST_KEY_NSLocationAlwaysUsageDescription = "Find user location";
				INFOPLIST_KEY_NSLocationWhenInUseUsageDescription = "Find user location";
				INFOPLIST_KEY_UIApplicationSupportsIndirectInputEvents = YES;
				INFOPLIST_KEY_UILaunchStoryboardName = LaunchScreen;
				INFOPLIST_KEY_UIMainStoryboardFile = Main;
				INFOPLIST_KEY_UISupportedInterfaceOrientations_iPad = "UIInterfaceOrientationPortrait UIInterfaceOrientationPortraitUpsideDown UIInterfaceOrientationLandscapeLeft UIInterfaceOrientationLandscapeRight";
				INFOPLIST_KEY_UISupportedInterfaceOrientations_iPhone = "UIInterfaceOrientationPortrait UIInterfaceOrientationLandscapeLeft UIInterfaceOrientationLandscapeRight";
				IPHONEOS_DEPLOYMENT_TARGET = 14.0;
				LD_RUNPATH_SEARCH_PATHS = (
					"$(inherited)",
					"@executable_path/Frameworks",
				);
				MARKETING_VERSION = 1.0;
				PRODUCT_BUNDLE_IDENTIFIER = "com.rbespalov.Advanced-HW";
				PRODUCT_NAME = "$(TARGET_NAME)";
				SUPPORTED_PLATFORMS = "iphoneos iphonesimulator";
				SUPPORTS_MACCATALYST = NO;
				SUPPORTS_MAC_DESIGNED_FOR_IPHONE_IPAD = NO;
				SWIFT_EMIT_LOC_STRINGS = YES;
				SWIFT_VERSION = 5.0;
				TARGETED_DEVICE_FAMILY = 1;
			};
			name = Debug;
		};
		D6A154ED293CBF8600FD4E92 /* Release */ = {
			isa = XCBuildConfiguration;
			buildSettings = {
				ASSETCATALOG_COMPILER_APPICON_NAME = AppIcon;
				ASSETCATALOG_COMPILER_GLOBAL_ACCENT_COLOR_NAME = AccentColor;
				CODE_SIGN_STYLE = Automatic;
				CURRENT_PROJECT_VERSION = 1;
				GENERATE_INFOPLIST_FILE = YES;
				INFOPLIST_FILE = "Advanced HW/Info.plist";
				INFOPLIST_KEY_NSLocationAlwaysAndWhenInUseUsageDescription = "Find user location";
				INFOPLIST_KEY_NSLocationAlwaysUsageDescription = "Find user location";
				INFOPLIST_KEY_NSLocationWhenInUseUsageDescription = "Find user location";
				INFOPLIST_KEY_UIApplicationSupportsIndirectInputEvents = YES;
				INFOPLIST_KEY_UILaunchStoryboardName = LaunchScreen;
				INFOPLIST_KEY_UIMainStoryboardFile = Main;
				INFOPLIST_KEY_UISupportedInterfaceOrientations_iPad = "UIInterfaceOrientationPortrait UIInterfaceOrientationPortraitUpsideDown UIInterfaceOrientationLandscapeLeft UIInterfaceOrientationLandscapeRight";
				INFOPLIST_KEY_UISupportedInterfaceOrientations_iPhone = "UIInterfaceOrientationPortrait UIInterfaceOrientationLandscapeLeft UIInterfaceOrientationLandscapeRight";
				IPHONEOS_DEPLOYMENT_TARGET = 14.0;
				LD_RUNPATH_SEARCH_PATHS = (
					"$(inherited)",
					"@executable_path/Frameworks",
				);
				MARKETING_VERSION = 1.0;
				PRODUCT_BUNDLE_IDENTIFIER = "com.rbespalov.Advanced-HW";
				PRODUCT_NAME = "$(TARGET_NAME)";
				SUPPORTED_PLATFORMS = "iphoneos iphonesimulator";
				SUPPORTS_MACCATALYST = NO;
				SUPPORTS_MAC_DESIGNED_FOR_IPHONE_IPAD = NO;
				SWIFT_EMIT_LOC_STRINGS = YES;
				SWIFT_VERSION = 5.0;
				TARGETED_DEVICE_FAMILY = 1;
			};
			name = Release;
		};
/* End XCBuildConfiguration section */

/* Begin XCConfigurationList section */
		D6A154D2293CBF8500FD4E92 /* Build configuration list for PBXProject "Advanced HW" */ = {
			isa = XCConfigurationList;
			buildConfigurations = (
				D6A154E9293CBF8600FD4E92 /* Debug */,
				D6A154EA293CBF8600FD4E92 /* Release */,
			);
			defaultConfigurationIsVisible = 0;
			defaultConfigurationName = Release;
		};
		D6A154EB293CBF8600FD4E92 /* Build configuration list for PBXNativeTarget "Advanced HW" */ = {
			isa = XCConfigurationList;
			buildConfigurations = (
				D6A154EC293CBF8600FD4E92 /* Debug */,
				D6A154ED293CBF8600FD4E92 /* Release */,
			);
			defaultConfigurationIsVisible = 0;
			defaultConfigurationName = Release;
		};
/* End XCConfigurationList section */
	};
	rootObject = D6A154CF293CBF8500FD4E92 /* Project object */;
}
